
Microsoft Visual Studio Solution File, Format Version 12.00
# Visual Studio Version 16
VisualStudioVersion = 16.0.30523.141
MinimumVisualStudioVersion = 10.0.40219.1
Project("{FAE04EC0-301F-11D3-BF4B-00C04F79EFBC}") = "RepasoParaPar1", "RepasoParaPar1\RepasoParaPar1.csproj", "{F25281D7-56B1-41EC-AB23-0C4000EF5BA9}"
EndProject
Project("{FAE04EC0-301F-11D3-BF4B-00C04F79EFBC}") = "Entidades", "Entidades\Entidades.csproj", "{E65F7F83-3483-4CA4-A161-C1375E340AE4}"
EndProject
Global
	GlobalSection(SolutionConfigurationPlatforms) = preSolution
		Debug|Any CPU = Debug|Any CPU
		Release|Any CPU = Release|Any CPU
	EndGlobalSection
	GlobalSection(ProjectConfigurationPlatforms) = postSolution
		{F25281D7-56B1-41EC-AB23-0C4000EF5BA9}.Debug|Any CPU.ActiveCfg = Debug|Any CPU
		{F25281D7-56B1-41EC-AB23-0C4000EF5BA9}.Debug|Any CPU.Build.0 = Debug|Any CPU
		{F25281D7-56B1-41EC-AB23-0C4000EF5BA9}.Release|Any CPU.ActiveCfg = Release|Any CPU
		{F25281D7-56B1-41EC-AB23-0C4000EF5BA9}.Release|Any CPU.Build.0 = Release|Any CPU
		{E65F7F83-3483-4CA4-A161-C1375E340AE4}.Debug|Any CPU.ActiveCfg = Debug|Any CPU
		{E65F7F83-3483-4CA4-A161-C1375E340AE4}.Debug|Any CPU.Build.0 = Debug|Any CPU
		{E65F7F83-3483-4CA4-A161-C1375E340AE4}.Release|Any CPU.ActiveCfg = Release|Any CPU
		{E65F7F83-3483-4CA4-A161-C1375E340AE4}.Release|Any CPU.Build.0 = Release|Any CPU
	EndGlobalSection
	GlobalSection(SolutionProperties) = preSolution
		HideSolutionNode = FALSE
	EndGlobalSection
	GlobalSection(ExtensibilityGlobals) = postSolution
		SolutionGuid = {594FFB0B-D71A-4432-97B8-E6D079D0EDBB}
	EndGlobalSection
EndGlobal
